{
  "name": "02.mobx",
  "lockfileVersion": 2,
  "requires": true,
  "packages": {
    "": {
      "dependencies": {
        "mobx": "^6.3.8"
      }
    },
    "node_modules/mobx": {
      "version": "6.3.8",
      "resolved": "https://registry.npmjs.org/mobx/-/mobx-6.3.8.tgz",
      "integrity": "sha512-RfG2y766P1o9u9xrQht/HBXEoUPIr4B3Gjri3reLW/TuHm3I/3TfBBS0OaeMbw19RIF0AymqjDNlJgakN4ZK7g==",
      "funding": {
        "type": "opencollective",
        "url": "https://opencollective.com/mobx"
      }
    }
  },
  "dependencies": {
    "mobx": {
      "version": "6.3.8",
      "resolved": "https://registry.npmjs.org/mobx/-/mobx-6.3.8.tgz",
      "integrity": "sha512-RfG2y766P1o9u9xrQht/HBXEoUPIr4B3Gjri3reLW/TuHm3I/3TfBBS0OaeMbw19RIF0AymqjDNlJgakN4ZK7g=="
    }
  }
}
